{
  "version": "2",
  "remote": {
    "https://deno.land/std@0.106.0/encoding/base64.ts": "eecae390f1f1d1cae6f6c6d732ede5276bf4b9cd29b1d281678c054dc5cc009e",
    "https://deno.land/std@0.154.0/_util/assert.ts": "e94f2eb37cebd7f199952e242c77654e43333c1ac4c5c700e929ea3aa5489f74",
    "https://deno.land/std@0.154.0/_wasm_crypto/lib/deno_std_wasm_crypto.generated.mjs": "dfcd6777d05345362c70f9f2c49abba3ed3f925fccfcf725abe2d16d51819433",
    "https://deno.land/std@0.154.0/_wasm_crypto/mod.ts": "6c60d332716147ded0eece0861780678d51b560f533b27db2e15c64a4ef83665",
    "https://deno.land/std@0.154.0/async/deferred.ts": "c01de44b9192359cebd3fe93273fcebf9e95110bf3360023917da9a2d1489fae",
    "https://deno.land/std@0.154.0/bytes/bytes_list.ts": "aba5e2369e77d426b10af1de0dcc4531acecec27f9b9056f4f7bfbf8ac147ab4",
    "https://deno.land/std@0.154.0/bytes/equals.ts": "3c3558c3ae85526f84510aa2b48ab2ad7bdd899e2e0f5b7a8ffc85acb3a6043a",
    "https://deno.land/std@0.154.0/bytes/mod.ts": "763f97d33051cc3f28af1a688dfe2830841192a9fea0cbaa55f927b49d49d0bf",
    "https://deno.land/std@0.154.0/crypto/_fnv/fnv32.ts": "aa9bddead8c6345087d3abd4ef35fb9655622afc333fc41fff382b36e64280b5",
    "https://deno.land/std@0.154.0/crypto/_fnv/fnv64.ts": "625d7e7505b6cb2e9801b5fd6ed0a89256bac12b2bbb3e4664b85a88b0ec5bef",
    "https://deno.land/std@0.154.0/crypto/_fnv/index.ts": "a8f6a361b4c6d54e5e89c16098f99b6962a1dd6ad1307dbc97fa1ecac5d7060a",
    "https://deno.land/std@0.154.0/crypto/_fnv/util.ts": "4848313bed7f00f55be3cb080aa0583fc007812ba965b03e4009665bde614ce3",
    "https://deno.land/std@0.154.0/crypto/keystack.ts": "e481eed28007395e554a435e880fee83a5c73b9259ed8a135a75e4b1e4f381f7",
    "https://deno.land/std@0.154.0/crypto/mod.ts": "0ef11f063cd0f9759485a3c9051e15125e1bde3b47c23b47e79b6e13cfcf9481",
    "https://deno.land/std@0.154.0/crypto/timing_safe_equal.ts": "82a29b737bc8932d75d7a20c404136089d5d23629e94ba14efa98a8cc066c73e",
    "https://deno.land/std@0.154.0/encoding/base64.ts": "c57868ca7fa2fbe919f57f88a623ad34e3d970d675bdc1ff3a9d02bba7409db2",
    "https://deno.land/std@0.154.0/encoding/base64url.ts": "a5f82a9fa703bd85a5eb8e7c1296bc6529e601ebd9642cc2b5eaa6b38fa9e05a",
    "https://deno.land/std@0.154.0/encoding/hex.ts": "4cc5324417cbb4ac9b828453d35aed45b9cc29506fad658f1f138d981ae33795",
    "https://deno.land/std@0.154.0/fmt/colors.ts": "ff7dc9c9f33a72bd48bc24b21bbc1b4545d8494a431f17894dbc5fe92a938fc4",
    "https://deno.land/std@0.154.0/io/buffer.ts": "fae02290f52301c4e0188670e730cd902f9307fb732d79c4aa14ebdc82497289",
    "https://deno.land/std@0.154.0/io/files.ts": "d199ef64e918a256320ba8d8d44ae91de87c9077df8f8d6cca013f1b9fbbe285",
    "https://deno.land/std@0.154.0/io/mod.ts": "33507cf2460ab67d0d90fb5749fa6fecb33897642b49d54a6bb1ac81e4768f69",
    "https://deno.land/std@0.154.0/io/readers.ts": "45847ad404afd2f605eae1cff193f223462bc55eeb9ae313c2f3db28aada0fd6",
    "https://deno.land/std@0.154.0/io/streams.ts": "988a19155b52161f0035ce539e2f1d12edbc4c389fa7633da832a64e6edbe1a0",
    "https://deno.land/std@0.154.0/io/types.d.ts": "0cae3a62da7a37043661746c65c021058bae020b54e50c0e774916e5d4baee43",
    "https://deno.land/std@0.154.0/io/util.ts": "078da53bba767bec0d45f7da44411f6dbf269e51ef7fcfea5e3714e04681c674",
    "https://deno.land/std@0.154.0/io/writers.ts": "2e1c63ffd0cfba411b1fd8374609abff9ea86187c9d4d885d42e6fc20325ef0e",
    "https://deno.land/std@0.154.0/streams/conversion.ts": "fc4eb76a14148c43f0b85e903a5a1526391aa40ed9434dc21e34f88304eb823e",
    "https://deno.land/std@0.154.0/testing/_diff.ts": "141f978a283defc367eeee3ff7b58aa8763cf7c8e0c585132eae614468e9d7b8",
    "https://deno.land/std@0.154.0/testing/_format.ts": "cd11136e1797791045e639e9f0f4640d5b4166148796cad37e6ef75f7d7f3832",
    "https://deno.land/std@0.154.0/testing/asserts.ts": "ac295f7fd22a7af107580e2475402a8c386cb1bf18bf837ae266ac0665786026",
    "https://deno.land/std@0.182.0/_util/asserts.ts": "178dfc49a464aee693a7e285567b3d0b555dc805ff490505a8aae34f9cfb1462",
    "https://deno.land/std@0.182.0/_util/os.ts": "d932f56d41e4f6a6093d56044e29ce637f8dcc43c5a90af43504a889cf1775e3",
    "https://deno.land/std@0.182.0/fs/_util.ts": "65381f341af1ff7f40198cee15c20f59951ac26e51ddc651c5293e24f9ce6f32",
    "https://deno.land/std@0.182.0/fs/copy.ts": "14214efd94fc3aa6db1e4af2b4b9578e50f7362b7f3725d5a14ad259a5df26c8",
    "https://deno.land/std@0.182.0/fs/empty_dir.ts": "c3d2da4c7352fab1cf144a1ecfef58090769e8af633678e0f3fabaef98594688",
    "https://deno.land/std@0.182.0/fs/ensure_dir.ts": "dc64c4c75c64721d4e3fb681f1382f803ff3d2868f08563ff923fdd20d071c40",
    "https://deno.land/std@0.182.0/fs/ensure_file.ts": "c38602670bfaf259d86ca824a94e6cb9e5eb73757fefa4ebf43a90dd017d53d9",
    "https://deno.land/std@0.182.0/fs/ensure_link.ts": "c0f5b2f0ec094ed52b9128eccb1ee23362a617457aa0f699b145d4883f5b2fb4",
    "https://deno.land/std@0.182.0/fs/ensure_symlink.ts": "5006ab2f458159c56d689b53b1e48d57e05eeb1eaf64e677f7f76a30bc4fdba1",
    "https://deno.land/std@0.182.0/fs/eol.ts": "f1f2eb348a750c34500741987b21d65607f352cf7205f48f4319d417fff42842",
    "https://deno.land/std@0.182.0/fs/exists.ts": "29c26bca8584a22876be7cb8844f1b6c8fc35e9af514576b78f5c6884d7ed02d",
    "https://deno.land/std@0.182.0/fs/expand_glob.ts": "e4f56259a0a70fe23f05215b00de3ac5e6ba46646ab2a06ebbe9b010f81c972a",
    "https://deno.land/std@0.182.0/fs/mod.ts": "bc3d0acd488cc7b42627044caf47d72019846d459279544e1934418955ba4898",
    "https://deno.land/std@0.182.0/fs/move.ts": "4cb47f880e3f0582c55e71c9f8b1e5e8cfaacb5e84f7390781dd563b7298ec19",
    "https://deno.land/std@0.182.0/fs/walk.ts": "920be35a7376db6c0b5b1caf1486fb962925e38c9825f90367f8f26b5e5d0897",
    "https://deno.land/std@0.182.0/path/_constants.ts": "e49961f6f4f48039c0dfed3c3f93e963ca3d92791c9d478ac5b43183413136e0",
    "https://deno.land/std@0.182.0/path/_interface.ts": "6471159dfbbc357e03882c2266d21ef9afdb1e4aa771b0545e90db58a0ba314b",
    "https://deno.land/std@0.182.0/path/_util.ts": "d7abb1e0dea065f427b89156e28cdeb32b045870acdf865833ba808a73b576d0",
    "https://deno.land/std@0.182.0/path/common.ts": "ee7505ab01fd22de3963b64e46cff31f40de34f9f8de1fff6a1bd2fe79380000",
    "https://deno.land/std@0.182.0/path/glob.ts": "d479e0a695621c94d3fd7fe7abd4f9499caf32a8de13f25073451c6ef420a4e1",
    "https://deno.land/std@0.182.0/path/mod.ts": "bf718f19a4fdd545aee1b06409ca0805bd1b68ecf876605ce632e932fe54510c",
    "https://deno.land/std@0.182.0/path/posix.ts": "8b7c67ac338714b30c816079303d0285dd24af6b284f7ad63da5b27372a2c94d",
    "https://deno.land/std@0.182.0/path/separator.ts": "0fb679739d0d1d7bf45b68dacfb4ec7563597a902edbaf3c59b50d5bcadd93b1",
    "https://deno.land/std@0.182.0/path/win32.ts": "d186344e5583bcbf8b18af416d13d82b35a317116e6460a5a3953508c3de5bba",
    "https://deno.land/std@0.81.0/_util/assert.ts": "e1f76e77c5ccb5a8e0dbbbe6cce3a56d2556c8cb5a9a8802fc9565af72462149",
    "https://deno.land/std@0.81.0/bytes/mod.ts": "e4f91c6473fe13e3cf1a23649137f87f49135c10bc08fc0f83382a0fb0b03744",
    "https://deno.land/std@0.81.0/encoding/utf8.ts": "1b7e77db9a12363c67872f8a208886ca1329f160c1ca9133b13d2ed399688b99",
    "https://deno.land/std@0.81.0/io/bufio.ts": "3cbbe1f761c1c636d1e7128ed4e7fdca6bf21d9199aa3cae71e69972a6ae8f93",
    "https://deno.land/std@0.81.0/textproto/mod.ts": "4c378eda3cb6216608bb4c3a34201761c65f6980c4669455ca224c330cd5b790",
    "https://deno.land/x/canvas@v1.4.1/deps.ts": "e956026d98094946166e06d7b799290b732db015813870d84e04e33ab88e98f3",
    "https://deno.land/x/canvas@v1.4.1/mod.ts": "a4e16972647ceafef58612a377a218372454c99d2c9da615a132694597114f80",
    "https://deno.land/x/canvas@v1.4.1/src/base64.ts": "0928031fdba0c43b617154fbe2eb7578366460c04da1422933ae5e936d3d0349",
    "https://deno.land/x/canvas@v1.4.1/src/canvas.ts": "58119999b04f68ebeed2627485c5c24c5b0c029707edde0b6568814f9049a3a8",
    "https://deno.land/x/canvas@v1.4.1/src/canvaskit.ts": "c3d807472cbb3e1d9fc01bb43ff974ef796c4b010178d1595be5fa793cce5e7d",
    "https://deno.land/x/canvas@v1.4.1/src/color_util.ts": "28f1072f0a5acbe7add7fac2f452311a47b44c080806fc4057de2d2e405c6c1c",
    "https://deno.land/x/canvas@v1.4.1/src/lib.js": "bb21711589bfbc8997b455cdf53e3150e23289f3b44809188041b1d2fc7924fa",
    "https://deno.land/x/canvas@v1.4.1/src/types.ts": "67d5800f8f4b0a407e0251676a03ae91b5f50a3ed53e6b72dc5984113cb93128",
    "https://deno.land/x/canvas@v1.4.1/src/wasm.js": "449d72cc14fc4142a5853f944df49a744d852981d09c5515528ede8aebb0afda",
    "https://deno.land/x/deepmerge@1.0.3/mod.ts": "efcbe64ac63e6833fed558aa4ddf30dd311ccb24e1caf2cffa9cf2766de6337e",
    "https://deno.land/x/deepmerge@1.0.3/src/index.ts": "6f8f97501909b57463cc8dbd320796d6920162e4f776cd2c0fa8c1350868c15f",
    "https://deno.land/x/deno_config@v0.1.2/deps.ts": "f53afaa21f1c63bbc81c0f04b22683b5c214284dbe32ad1a0cba794e6acd2670",
    "https://deno.land/x/deno_config@v0.1.2/lib/configurer.ts": "b68dcf231ae7a0e3a89bfbf68f939fec914790072316c2ef33d0ea779abe0e6d",
    "https://deno.land/x/deno_config@v0.1.2/mod.ts": "7256a2e5d2c62d319d4e00aa9d1d021af1bd19d19227898d4b10860f2adf3160",
    "https://deno.land/x/deno_plural@2.0.0/mod.ts": "9473507398048cb24dbb37b3a220777106c69c28d573898648deb2bb84a7e131",
    "https://deno.land/x/deno_plural@2.0.0/src/denoPlural.ts": "975dd7a85d25b44de78276d7dce93606c2cbbaa48718f5e83ba35af9e823f6f3",
    "https://deno.land/x/deno_plural@2.0.0/src/mod.ts": "b9e42705558be387dbdd76e524b5940b09d7356ffb27a7f388d9a17084a7d9bc",
    "https://deno.land/x/deno_plural@2.0.0/src/rules/en.ts": "78baa1ea1bde89f23ff5080b6721b49c7e33f0abf8013f0a6b34ecba7ac7a63c",
    "https://deno.land/x/deno_plural@2.0.0/src/types.ts": "9382d30f8cb2c0875a9021fb152323587f905b4e71510dbccea25af7c854ee2e",
    "https://deno.land/x/deno_plural@2.0.0/src/utils.ts": "d7db0793a17f48156ceb5a1a6efc6d25bea1c243e4ea02a7ccc411902ba26bf5",
    "https://deno.land/x/imagemagick_deno@0.0.19/mod.ts": "8950f261c03b03d1474eb7a092ca892fd7b11f84d8e1d9ff6facb7844d685779",
    "https://deno.land/x/imagemagick_deno@0.0.19/src/alpha-option.ts": "749a9f3309e491ec09a1d6bc50ce95d9733887d9f57c6863c4ff1c7e9610227b",
    "https://deno.land/x/imagemagick_deno@0.0.19/src/auto-threshold-method.ts": "bb08a00046137e441930e56190b6db10c5fe657cb0a6142cd565a40b1c4250a2",
    "https://deno.land/x/imagemagick_deno@0.0.19/src/channel-statistics.ts": "503871a48800436cbd02baee45f5e55aa7a0d95c3cd36e1111cf36dda946f43c",
    "https://deno.land/x/imagemagick_deno@0.0.19/src/channels.ts": "03e46f10df374d002cc39d10a6bc93c68deb4e1158bef1107234e10a192b05c7",
    "https://deno.land/x/imagemagick_deno@0.0.19/src/color-space.ts": "3d9a60f3a8bfefea8d9525572d7bd6214530c69688e8799dceb492b7797d1d0a",
    "https://deno.land/x/imagemagick_deno@0.0.19/src/composite-operator.ts": "f4b5046415c5965d53b17a9e441a42d87e8477b7c158704abd417d6ac10f3ea0",
    "https://deno.land/x/imagemagick_deno@0.0.19/src/defines/define.ts": "645fb3a06424ed750250212ac8762ba2ea97c4e4fdbda8aedf21734cbaf4833c",
    "https://deno.land/x/imagemagick_deno@0.0.19/src/defines/defines-creator.ts": "876b7215bb6523cee562bcdf95cdd20cce33dd118db9f61d3d9e6305d5cfa631",
    "https://deno.land/x/imagemagick_deno@0.0.19/src/defines/defines.ts": "fc8e12475e11a30f9f6f9c2b5e2fba94b01d65135654b97694da915d40fae2fe",
    "https://deno.land/x/imagemagick_deno@0.0.19/src/defines/magick-define.ts": "07e9e7fab4ea23f06f584163a99e0007ac1d1f3379ab4a872f1ddd555dd8ddd1",
    "https://deno.land/x/imagemagick_deno@0.0.19/src/disposable.ts": "4e30ceedea5c7829153ded68929cc206a303be220a560bb27319b607ee68c4a7",
    "https://deno.land/x/imagemagick_deno@0.0.19/src/distort-method.ts": "13819e00ccb6a636af9ece5d11dfce9451e578d46c94e1f528b0ae5da7721985",
    "https://deno.land/x/imagemagick_deno@0.0.19/src/drawables/drawable-color.ts": "fe3785761844f09a2c8bfda1821580c18706d986b1e7619dd984db6d33f3093a",
    "https://deno.land/x/imagemagick_deno@0.0.19/src/drawables/drawable-fill-color.ts": "566325e1b1eee1e4d74a97c7f0cfbd5cc1c3dbab9a39e8820b3e2555280fe633",
    "https://deno.land/x/imagemagick_deno@0.0.19/src/drawables/drawable-fill-opacity.ts": "a8bfce5d256ed1f296b4e57ae49035dad0baadec57b7ee68731494530b5df816",
    "https://deno.land/x/imagemagick_deno@0.0.19/src/drawables/drawable-font-point-size.ts": "ca4f41670186b13c1195eef74764af1ea00592b9faad5970d7867b3cb47630c3",
    "https://deno.land/x/imagemagick_deno@0.0.19/src/drawables/drawable-font.ts": "6a332ab99030ffe9fffd83704ba3e655649e48f026ef78dfb04d0bb1f99416bf",
    "https://deno.land/x/imagemagick_deno@0.0.19/src/drawables/drawable-gravity.ts": "184729aecc6d700a81eec2b8157b27b77f28c4188eb0f0337446b933e3857dbe",
    "https://deno.land/x/imagemagick_deno@0.0.19/src/drawables/drawable-rectangle.ts": "c6b1bb4b81a7e66e59a9338d45816a8471d951a6583567df68b31d3fde5ae6e0",
    "https://deno.land/x/imagemagick_deno@0.0.19/src/drawables/drawable-round-rectangle.ts": "7cd7e90d6d5902abee81061c7ce5919a50ef340d67d984f1ab5eb15ba22683c8",
    "https://deno.land/x/imagemagick_deno@0.0.19/src/drawables/drawable-text.ts": "f13d014b6f8b06e666b701b3860864711d0a0f942c1a30940af939705e72e5ce",
    "https://deno.land/x/imagemagick_deno@0.0.19/src/drawables/drawable.ts": "61b40233ea3c28664c2f8dfd8d794772d8a7a779f4228060efd41b0d44762521",
    "https://deno.land/x/imagemagick_deno@0.0.19/src/drawables/drawing-wand.ts": "c6fe73c4f4d48b8802aa79ea636b8d1f16046f2eb516b84260ae446f392b1528",
    "https://deno.land/x/imagemagick_deno@0.0.19/src/error-metric.ts": "fafe44d95312b0e9dd6e5d6d3efd536764468a4b80e3dc3d7d7efc33a40fb871",
    "https://deno.land/x/imagemagick_deno@0.0.19/src/evaluate-operator.ts": "c05d51cb193d95ce0432dee914465cbafc35026ea1102cc48f431571bfb67260",
    "https://deno.land/x/imagemagick_deno@0.0.19/src/filter-type.ts": "face0109ae9e56125b778a8842384031d6e0bd688dfcf96c0861f2fd8bb27225",
    "https://deno.land/x/imagemagick_deno@0.0.19/src/formats/dng/dng-output-color.ts": "13533caccea31a8e6cd960df47c1b608f89a786d51e9c4b3b869ca40eb01c5a8",
    "https://deno.land/x/imagemagick_deno@0.0.19/src/formats/dng/dng-read-defines.ts": "73d3fdc79c0f37ea3b2681f4e159cd927c25cb0801cc43905a4331171062f6c8",
    "https://deno.land/x/imagemagick_deno@0.0.19/src/gravity.ts": "ed99d33e3775c510c0a29fb330ca5ac9445e41dd3644507186c25cc32eb8634a",
    "https://deno.land/x/imagemagick_deno@0.0.19/src/image-magick.ts": "da1026ce67ad5040a672bcb0d1a7c76e8bdca9b5f3b7520081266ad96fae5318",
    "https://deno.land/x/imagemagick_deno@0.0.19/src/index.ts": "aebfbdd5446d99c67fd38182aa436d327defb5aa032e055de14d66c48649f505",
    "https://deno.land/x/imagemagick_deno@0.0.19/src/internal/disposable-array.ts": "048f80ffee94ccb37437961e7bcaa57ee0b0bd95a64423257010a8eeb18e9fae",
    "https://deno.land/x/imagemagick_deno@0.0.19/src/internal/disposable.ts": "48ea6c820871b46b9c50f8343bb68765bb81c80bf8edefc50c2d27bf4526c618",
    "https://deno.land/x/imagemagick_deno@0.0.19/src/internal/exception/exception.ts": "2c1e1d5f6df4fcaef50403ed18f5ebdf560a5e764944d569db406e97f76f2aae",
    "https://deno.land/x/imagemagick_deno@0.0.19/src/internal/geometry-flags.ts": "56bbc3f668db2e67f607cd1c08e07f51ded80a8c402efb0b6cd4ad98d0f69d19",
    "https://deno.land/x/imagemagick_deno@0.0.19/src/internal/magick-rectangle.ts": "ffffcd9ebffe20f871396af22c9f5acb332b5d503a5b21200a94e1e61e4e68b3",
    "https://deno.land/x/imagemagick_deno@0.0.19/src/internal/native/array.ts": "bcfa4f33246feaf3e1cfd219f188819caf2ed84562f986f508b1ba8beecd28fb",
    "https://deno.land/x/imagemagick_deno@0.0.19/src/internal/native/string.ts": "a3985bf82a8c0e0507001ab1af72c817f6a9f3fffcba532c5504b75102107ce3",
    "https://deno.land/x/imagemagick_deno@0.0.19/src/internal/pointer/pointer.ts": "d866febf67a2d72678e6bd0fd70f751622348c3c2c4ad0aba42dbd750c4f8526",
    "https://deno.land/x/imagemagick_deno@0.0.19/src/internal/string-info.ts": "6121081f0382fdfe259bb6c95655b1626cc68af778ad91af437daa8c55965575",
    "https://deno.land/x/imagemagick_deno@0.0.19/src/magick-color.ts": "6e849e94f3183d86f44d55f4646af394d0d3573fbce8b26b6d6bfbda03dcaf5c",
    "https://deno.land/x/imagemagick_deno@0.0.19/src/magick-colors.ts": "c3a4cdbbca0ebce9386ae71f835118847d8770573efcb63a35c54242aa156f90",
    "https://deno.land/x/imagemagick_deno@0.0.19/src/magick-error-severity.ts": "160e5f07bad67542c9c95a8ec61e70f294333bf7f3c463419dc4fadfacdbdbf6",
    "https://deno.land/x/imagemagick_deno@0.0.19/src/magick-error.ts": "5a515e203373ef48903bda51635e04f232bf3144eaee48c66d65df1e705346d4",
    "https://deno.land/x/imagemagick_deno@0.0.19/src/magick-format-info.ts": "eef4731c0036d58ebb9b9ff12d48bfdb6fad8d4ef82d74866c6c18f7605670cf",
    "https://deno.land/x/imagemagick_deno@0.0.19/src/magick-format.ts": "3373328cacc0e6a5b1264a6bedceffe17f687f8d303c8c3d0ecd7a9102771580",
    "https://deno.land/x/imagemagick_deno@0.0.19/src/magick-geometry.ts": "c41ec925e2cba2f4a07ab278de87d533aac282f68b038d6ca7075fc09570f759",
    "https://deno.land/x/imagemagick_deno@0.0.19/src/magick-image-collection.ts": "dfa429a070eeb22d57248d4eee057ee0aa3a6ee8ac850f32ec1c8d311b7a641d",
    "https://deno.land/x/imagemagick_deno@0.0.19/src/magick-image.ts": "7f85e27512ab1db7c9396b7903b03fb07763a014af9a56c5477bda306f5d42ea",
    "https://deno.land/x/imagemagick_deno@0.0.19/src/magick.ts": "990bbb125a908afd71bba8b9601704f64abfe68b861e906ec7495f87b2f4c776",
    "https://deno.land/x/imagemagick_deno@0.0.19/src/native-instance.ts": "791c1dc7459d0daf53fd385d255edb9d84869edc2943cd1ff3b4b7c34aeeffb0",
    "https://deno.land/x/imagemagick_deno@0.0.19/src/orientation-type.ts": "a5c48feec25d432e5c3ad3ed76c929a7960836d3ab1012525c0f7883e4f46c30",
    "https://deno.land/x/imagemagick_deno@0.0.19/src/paint-method.ts": "0178827b90549bf587e8ae9e2757cb96607b1fffa5c05d0534a8de136a346d29",
    "https://deno.land/x/imagemagick_deno@0.0.19/src/percentage.ts": "00240337512949c97e407b006cdd025af5fc6db600adce9ca6193ab61e326291",
    "https://deno.land/x/imagemagick_deno@0.0.19/src/pixel-channel.ts": "1a6943107a0c9b73757b08b4e41bd72227fec2dbb29f7fe5871257abcf541fa1",
    "https://deno.land/x/imagemagick_deno@0.0.19/src/pixel-interpolate-method.ts": "d2c62675acb5d8fffca3e2c91c9a35bfebec62f2424268e5e240f9f17f57d356",
    "https://deno.land/x/imagemagick_deno@0.0.19/src/pixels/pixel-collection.ts": "e44aa8ebff8635d3959a20ffa9a545ce5df2dc2a8806f6b0d1d0092e185577f7",
    "https://deno.land/x/imagemagick_deno@0.0.19/src/point.ts": "f664938d0f39eadd41fe5eb8ca81c52b59a7f7138539afea3ddc863d25a4a935",
    "https://deno.land/x/imagemagick_deno@0.0.19/src/profiles/image-profile.ts": "ea1bb6406430a03cf9263a40260fcd8f99bcc14fa3629206fcbcd2679c94b4a2",
    "https://deno.land/x/imagemagick_deno@0.0.19/src/quantum.ts": "7e92f9cf73fc6ec89df48ab4c462339fad580f0b6a1e1009d3c5a5cb599dc3ed",
    "https://deno.land/x/imagemagick_deno@0.0.19/src/settings/distort-settings.ts": "cdb352260b90a140191c222bafde0740114062822400bdf89709bef1c2f40563",
    "https://deno.land/x/imagemagick_deno@0.0.19/src/settings/drawing-settings.ts": "c5191eff30944c7a6047dfdd4d6a6714cbd3e0154c4942bb53bfa25acc3399b2",
    "https://deno.land/x/imagemagick_deno@0.0.19/src/settings/magick-read-settings.ts": "d5e83efd74ff563146c5c074cefeead82e07763c0e75d271c6f1ba9f1fca3b63",
    "https://deno.land/x/imagemagick_deno@0.0.19/src/settings/magick-settings.ts": "35a9146c2b92c63b80f0989ab8f6c2315166124e841bb0538303d6f945c08a27",
    "https://deno.land/x/imagemagick_deno@0.0.19/src/settings/montage-settings.ts": "db5dc688e2165b1a5501b6f2175c0453f9a1c435c6d1d20be657ddf26af2bb14",
    "https://deno.land/x/imagemagick_deno@0.0.19/src/settings/native-drawing-settings.ts": "a69579abe2600a8ae13484f0abee16ec17d4c31213e95fe0fb9b581ee434af64",
    "https://deno.land/x/imagemagick_deno@0.0.19/src/settings/native-magick-settings.ts": "553a903e16ad50b990175c5e8614473962b0e866f2e3c0148cf3bc2c0010552a",
    "https://deno.land/x/imagemagick_deno@0.0.19/src/settings/native-montage-settings.ts": "5b0c810053730ba63a6603fe4109c09ce02d3dd9f5a04ba1070094cb69a92433",
    "https://deno.land/x/imagemagick_deno@0.0.19/src/statistics.ts": "a9122f555b565d9869dcc9070d77febc54f2e12324932c6b8619e1a94b599885",
    "https://deno.land/x/imagemagick_deno@0.0.19/src/virtual-pixel-method.ts": "ae2f0520e05b382299e4d41f4d7e2c67baf727ef7c816037e601c978948b1451",
    "https://deno.land/x/imagemagick_deno@0.0.19/src/wasm/magick.ts": "b5ec7d6c3c7379f8f9ba0c23238f7024aa35f3a15edb2d1cbca4ccc44a186ac9",
    "https://deno.land/x/imagemagick_deno@0.0.19/src/wasm/magick_native.js": "2203872b5a96cb5a96c596898849a862b2ba083455ed0f3a445ba060f8e13f82",
    "https://deno.land/x/initer_map@v1.0.0/lib/initer-map.ts": "35a58a2646d435f3681cb25d7f3cb913e0f36e3e0c89442976a54d4babf3eb7c",
    "https://deno.land/x/initer_map@v1.0.0/mod.ts": "47967e4dd357e70ba3be88e196323f3a143ef1ca6f5646159cac2ee4a48cd4df",
    "https://deno.land/x/mongo@v0.31.2/deps.ts": "1b53a32fbc115195d74ab78e7d21026ea4b6590e5b558b388017cc1a9b8181e6",
    "https://deno.land/x/mongo@v0.31.2/mod.ts": "0989f34d08c40440b8786140abdaf863e964e23df5d1a80e661d3d4170d9d21e",
    "https://deno.land/x/mongo@v0.31.2/src/auth/base.ts": "7fe14cf0a63d6bbc4ba69a000a04b3b184d26842504d94652a6af2d0c9494944",
    "https://deno.land/x/mongo@v0.31.2/src/auth/mod.ts": "b161611bd5be9e9d1b4497227c8ea93ad4daadcd98038c9e5a707bc5da7a25ca",
    "https://deno.land/x/mongo@v0.31.2/src/auth/pbkdf2.ts": "1f1db192fd37869d118ab34780b64567ebcf0ad83a03ef28b3d740cae9adb47a",
    "https://deno.land/x/mongo@v0.31.2/src/auth/scram.ts": "187db02e94e7e5423ec902e87d6839028770dca57830dca7f154dcd22a959c0f",
    "https://deno.land/x/mongo@v0.31.2/src/auth/x509.ts": "a75b27c549707dd441434ae400a3e6a24da7fe7d4e0e80c9bb79dfc6426b651e",
    "https://deno.land/x/mongo@v0.31.2/src/client.ts": "368cac10b3df3bfbc2dfba468d1bbd1332c359a643e0bb81a13d7220a58b43ff",
    "https://deno.land/x/mongo@v0.31.2/src/cluster.ts": "cff69bf284a5c7fcaff231494f1ab56ca652e725e58622723e402fbb61448d0e",
    "https://deno.land/x/mongo@v0.31.2/src/collection/collection.ts": "840add0cd28f38e8036b8d56fab134f9cc5201be05579d431a90f5c2e5b7c24e",
    "https://deno.land/x/mongo@v0.31.2/src/collection/commands/aggregate.ts": "440906a670adb46edb36fd95573ffa83f192775108b621520be992165910e895",
    "https://deno.land/x/mongo@v0.31.2/src/collection/commands/find.ts": "5c3b750d8c82ce08d865a381bc71f600406cbc4912c4aa689238755579fb71f8",
    "https://deno.land/x/mongo@v0.31.2/src/collection/commands/list_indexes.ts": "d32a5120305d0547497026b4f5ab2ecc2f40ff7f44c405b99c2a0287765333f5",
    "https://deno.land/x/mongo@v0.31.2/src/collection/commands/update.ts": "cf352108a5dd34f0928c2196a432383d366b8ed292676c71358b9ecf1289418d",
    "https://deno.land/x/mongo@v0.31.2/src/collection/mod.ts": "bd791a0b9b46be4365f88c54893584eadec2f8cd799db9eb05e0b5b4c8d72b8e",
    "https://deno.land/x/mongo@v0.31.2/src/database.ts": "f8dfd72f824759b1970232f4f21b8d1c3a0ca0ca6495c1dba32061c50c07ffba",
    "https://deno.land/x/mongo@v0.31.2/src/error.ts": "8180a822b0831a94a6a28815865b5b40e3996220684bea60fcb81b272ddd06eb",
    "https://deno.land/x/mongo@v0.31.2/src/gridfs/bucket.ts": "a4452d63f6928f57486a214a499b54b80b98cc0d13e3d85a6841b34d5ff12a61",
    "https://deno.land/x/mongo@v0.31.2/src/gridfs/indexes.ts": "7d302114fb4d81c4a873614a51d11ddb8b471f967179dddb8269c39b3cadf4e3",
    "https://deno.land/x/mongo@v0.31.2/src/gridfs/upload.ts": "6a54a21b00c6f22ad0da6ceef7a2932dc600560f594c2551abd8e4a64976abae",
    "https://deno.land/x/mongo@v0.31.2/src/protocol/cursor.ts": "c370a28856fa236129cc2d7abf7ebc4ac6cdd60acb93e0e7371433f7332394cb",
    "https://deno.land/x/mongo@v0.31.2/src/protocol/handshake.ts": "3c3ba547d5322751b9756ce9a4750f3cf18febee0a64edca5b007634bd80e0fe",
    "https://deno.land/x/mongo@v0.31.2/src/protocol/header.ts": "0f28db842f886e57b7013606c1391affab2e2960a1a4568d2502e7b788117716",
    "https://deno.land/x/mongo@v0.31.2/src/protocol/message.ts": "b1121b98420c9a44783619c7a0b2f7bb2cb305dfc64adc3e6a9b7781f4d35a3a",
    "https://deno.land/x/mongo@v0.31.2/src/protocol/mod.ts": "4e24d563049c0a236234598ca786ca13778dc17fdb80ac543ac6c75d0c5094d7",
    "https://deno.land/x/mongo@v0.31.2/src/protocol/protocol.ts": "92568dd86e6ef3f54054113d9f5620f158fc1dfee2a7c9d13623975835d5996a",
    "https://deno.land/x/mongo@v0.31.2/src/types.ts": "c6b36e1751323b9eacee86372ba31715fe8e372d48b73a7c1ef69431c7a35b97",
    "https://deno.land/x/mongo@v0.31.2/src/types/geojson.ts": "14690e2fa1591939253ddc9de181b0664051e9462db131b72be5fb9d064dff44",
    "https://deno.land/x/mongo@v0.31.2/src/types/geospatial.ts": "c73ee13536365fa5d868b65ab47b3488a5f223a67e1e059761886f750db70ef9",
    "https://deno.land/x/mongo@v0.31.2/src/types/gridfs.ts": "e1fd12c3ca58d437267e7a8557d745d23b9d8916d1da34c1847e5e373728dfa0",
    "https://deno.land/x/mongo@v0.31.2/src/types/read_write_concern.ts": "d00f35eb85520e776741888685d08d479766a19e9a0a970b53f4594c9db00496",
    "https://deno.land/x/mongo@v0.31.2/src/utils/ns.ts": "fb0c57b8dc4d31f8993112d267dec3c163d3e8862198d1cd03b2b51bcc3caad9",
    "https://deno.land/x/mongo@v0.31.2/src/utils/saslprep/deps.ts": "95ceb81b353110526dacf2a98854bc79d6e17d7f173af8806e91c05555d7b8c7",
    "https://deno.land/x/mongo@v0.31.2/src/utils/saslprep/load_code_points.ts": "f6a4ef2eb2345eac40ffbf1a30661cca803f399865f2a0fadafb71f57d4c97bf",
    "https://deno.land/x/mongo@v0.31.2/src/utils/saslprep/memory_pager.ts": "f55a79a13ec569c21630c3915a9af0c6fc0aa2b899121fa2a85a813c6dd4afba",
    "https://deno.land/x/mongo@v0.31.2/src/utils/saslprep/mod.ts": "0a8a39a0784d065a79c54ce63d7d7b103d0b94addc5b7bcf985517ba2442c8a1",
    "https://deno.land/x/mongo@v0.31.2/src/utils/saslprep/sparse_bitfield.ts": "07d6fe2ecd4ba5f711c44c1ae409bb9c1fe3a3cfc09e27434d231d4aae46dd2d",
    "https://deno.land/x/mongo@v0.31.2/src/utils/srv.ts": "ed5f78ffe6480faac68291a87e51e3674eff5f28aec937ee97248e99e1317b16",
    "https://deno.land/x/mongo@v0.31.2/src/utils/uri.ts": "dcfab8e1dcfcc875c75ada1d9f366664480c03b65594990d6342ed88925452e5",
    "https://deno.land/x/smtp@v0.7.0/code.ts": "f388fae4995b4d35d99fb6b8bfded522f5a3e7e7d63babdf318a059d6db43baf",
    "https://deno.land/x/smtp@v0.7.0/config.ts": "683a6fa684e5ef3705e809b203abea7804a90afde7b534d66c182ea3d17902d3",
    "https://deno.land/x/smtp@v0.7.0/deps.ts": "5e2a437e3ae35f0e83719fd2e707858dcb750c1111ff5bebc729522a1380b53d",
    "https://deno.land/x/smtp@v0.7.0/mod.ts": "9b0d8fbdacc184d1af10f727980e51486e0ddf9d2ec7227c8dfce90db5bfbcf5",
    "https://deno.land/x/smtp@v0.7.0/smtp.ts": "47c72a99925ad07f3174037f9325dbb8b703dc1177277b9161dc6209c7fa4f90",
    "https://deno.land/x/unified_deno_lock@v0.1.1/lib/lock.ts": "e22872ad2c26d722b3ab7b6cd8bb72b7ffbe8ebde802cacf2f83b64196923e36",
    "https://deno.land/x/unified_deno_lock@v0.1.1/mod.ts": "c5dc1b4df432ef641a7f9734e3a89c1f233bece84bbcf6c3c3d09e70085d08d7",
    "https://deno.land/x/unified_webserver@v0.4.4/mod.ts": "0666772474bfc768c50e2f637222366cc3597a6207ed8b3c33050b913e8fc08a",
    "https://deno.land/x/unified_webserver@v0.4.4/unified-router.d.ts": "21fdb97493c77cf3132b819d5d8561b6b0544617f980ac3a6a8e22745d4dfc79",
    "https://deno.land/x/unified_webserver@v0.4.4/unified-router.ts": "5e853043af28b7924b9c1e4f704c7ae4d5199057cc477a020e8ad0cc7e92d005",
    "https://deno.land/x/unified_webserver@v0.4.4/unified-web-server.d.ts": "ef0e4f9d5f319b0e5333add3d2e12958827456c371c32113b2d926f45798eb02",
    "https://deno.land/x/unified_webserver@v0.4.4/unified-web-server.ts": "229403f5847b0119ff11beea6a58e3818374a124f2dc51ea5ec749af2d7e8361",
    "https://deno.land/x/unified_webserver@v0.4.4/util.ts": "afb127cf75fb0a39599b9a5a454fc6163f5e79395f5b62c0877066f049d935ca",
    "https://deno.land/x/web_bson@v0.3.0/mod.d.ts": "2e52e7b61cc0225d21c82c2ac74126c3f9af3c8002a54e094ea17b3cc7e599bc",
    "https://deno.land/x/web_bson@v0.3.0/mod.js": "8e14aecd31ee63abd30e2dbaa284b4b67abb7ba51fcef5b96af74727cb7c7940",
    "https://deno.land/x/yongo@v1.4.4/deps.ts": "c24810d01bc8d5494df61fb5471e4148d058335e9278fbaf1b215a40293e5ce8",
    "https://deno.land/x/yongo@v1.4.4/lib/connection.ts": "9e1fb07a719972114c2e46d16a2f0b048410917ccbd2824224a908cd83ddcbbe",
    "https://deno.land/x/yongo@v1.4.4/lib/populate-registry.ts": "14077a2b3ac3a16bbd62e46c4d4d776d7817c07553ae2f86f50b5d5ca625938f",
    "https://deno.land/x/yongo@v1.4.4/lib/query.ts": "22f3b6d8b872188d76e6fdf7601d5251fb9edc4dd3b654ea80743ce4f05b22d0",
    "https://deno.land/x/yongo@v1.4.4/lib/util.ts": "21c093ea2d37fd25a3979ede0b932d649bef00b196716ff969d1ab576e2dde78",
    "https://deno.land/x/yongo@v1.4.4/mod.ts": "0b20bd4e449e9aa32502b8357a857a71db4afda499ac80196c93135787799f63",
    "https://deno.land/x/yongo@v1.4.4/util/connection-locks.ts": "f98a59775304ab7628a7c990b40b29ea50317ccc0de45de6b220be79f8912d0f"
  }
}
